
Microsoft Visual Studio Solution File, Format Version 12.00
# Visual Studio 15
Project("{FAE04EC0-301F-11D3-BF4B-00C04F79EFBC}") = "Assembly-CSharp", "Assembly-CSharp.csproj", "{8160CA7A-944A-50B3-6866-6BAC1B9D400C}"
EndProject
Project("{FAE04EC0-301F-11D3-BF4B-00C04F79EFBC}") = "Assembly-CSharp-firstpass", "Assembly-CSharp-firstpass.csproj", "{C935F37B-A97D-9325-BBA8-9C8ADE76341F}"
EndProject
Global
	GlobalSection(SolutionConfigurationPlatforms) = preSolution
		Debug|Any CPU = Debug|Any CPU
		Release|Any CPU = Release|Any CPU
	EndGlobalSection
	GlobalSection(ProjectConfigurationPlatforms) = postSolution
		{8160CA7A-944A-50B3-6866-6BAC1B9D400C}.Debug|Any CPU.ActiveCfg = Debug|Any CPU
		{8160CA7A-944A-50B3-6866-6BAC1B9D400C}.Debug|Any CPU.Build.0 = Debug|Any CPU
		{8160CA7A-944A-50B3-6866-6BAC1B9D400C}.Release|Any CPU.ActiveCfg = Release|Any CPU
		{8160CA7A-944A-50B3-6866-6BAC1B9D400C}.Release|Any CPU.Build.0 = Release|Any CPU
		{C935F37B-A97D-9325-BBA8-9C8ADE76341F}.Debug|Any CPU.ActiveCfg = Debug|Any CPU
		{C935F37B-A97D-9325-BBA8-9C8ADE76341F}.Debug|Any CPU.Build.0 = Debug|Any CPU
		{C935F37B-A97D-9325-BBA8-9C8ADE76341F}.Release|Any CPU.ActiveCfg = Release|Any CPU
		{C935F37B-A97D-9325-BBA8-9C8ADE76341F}.Release|Any CPU.Build.0 = Release|Any CPU
	EndGlobalSection
	GlobalSection(SolutionProperties) = preSolution
		HideSolutionNode = FALSE
	EndGlobalSection
EndGlobal
